// !$*UTF8*$!
{
	archiveVersion = 1;
	classes = {
	};
	objectVersion = 46;
	objects = {

/* Begin PBXAggregateTarget section */
		4AD0821F1E0B877100400079 /* MSNetAgg */ = {
			isa = PBXAggregateTarget;
			buildConfigurationList = 4AD082201E0B877100400079 /* Build configuration list for PBXAggregateTarget "MSNetAgg" */;
			buildPhases = (
				4AD082271E0B878800400079 /* ShellScript */,
			);
			dependencies = (
				4AD082261E0B878600400079 /* PBXTargetDependency */,
			);
			name = MSNetAgg;
			productName = MSNetAgg;
		};
/* End PBXAggregateTarget section */

/* Begin PBXBuildFile section */
		4AD0808A1E0B5FC000400079 /* AppDelegate.m in Sources */ = {isa = PBXBuildFile; fileRef = 4AD080891E0B5FC000400079 /* AppDelegate.m */; };
		4AD0808D1E0B5FC000400079 /* main.m in Sources */ = {isa = PBXBuildFile; fileRef = 4AD0808C1E0B5FC000400079 /* main.m */; };
		4AD0808F1E0B5FC000400079 /* Assets.xcassets in Resources */ = {isa = PBXBuildFile; fileRef = 4AD0808E1E0B5FC000400079 /* Assets.xcassets */; };
		4AD080921E0B5FC000400079 /* MainMenu.xib in Resources */ = {isa = PBXBuildFile; fileRef = 4AD080901E0B5FC000400079 /* MainMenu.xib */; };
		4AD0809D1E0B5FC000400079 /* MSNetworkTests.m in Sources */ = {isa = PBXBuildFile; fileRef = 4AD0809C1E0B5FC000400079 /* MSNetworkTests.m */; };
		4AD080A81E0B5FC000400079 /* MSNetworkUITests.m in Sources */ = {isa = PBXBuildFile; fileRef = 4AD080A71E0B5FC000400079 /* MSNetworkUITests.m */; };
		4AD080B81E0B60E200400079 /* MSNetworkTest.m in Sources */ = {isa = PBXBuildFile; fileRef = 4AD080B71E0B60E200400079 /* MSNetworkTest.m */; };
		4AD082111E0B875800400079 /* MSNet.framework in Frameworks */ = {isa = PBXBuildFile; fileRef = 4AD082081E0B875800400079 /* MSNet.framework */; };
		4AD082161E0B875800400079 /* MSNetTests.m in Sources */ = {isa = PBXBuildFile; fileRef = 4AD082151E0B875800400079 /* MSNetTests.m */; };
		4AD082231E0B877A00400079 /* MSNetworkTest.h in Headers */ = {isa = PBXBuildFile; fileRef = 4AD080B61E0B60E200400079 /* MSNetworkTest.h */; settings = {ATTRIBUTES = (Public, ); }; };
		4AD082241E0B877A00400079 /* MSNetworkTest.m in Sources */ = {isa = PBXBuildFile; fileRef = 4AD080B71E0B60E200400079 /* MSNetworkTest.m */; };
/* End PBXBuildFile section */

/* Begin PBXContainerItemProxy section */
		4AD080991E0B5FC000400079 /* PBXContainerItemProxy */ = {
			isa = PBXContainerItemProxy;
			containerPortal = 4AD0807D1E0B5FC000400079 /* Project object */;
			proxyType = 1;
			remoteGlobalIDString = 4AD080841E0B5FC000400079;
			remoteInfo = MSNetwork;
		};
		4AD080A41E0B5FC000400079 /* PBXContainerItemProxy */ = {
			isa = PBXContainerItemProxy;
			containerPortal = 4AD0807D1E0B5FC000400079 /* Project object */;
			proxyType = 1;
			remoteGlobalIDString = 4AD080841E0B5FC000400079;
			remoteInfo = MSNetwork;
		};
		4AD082121E0B875800400079 /* PBXContainerItemProxy */ = {
			isa = PBXContainerItemProxy;
			containerPortal = 4AD0807D1E0B5FC000400079 /* Project object */;
			proxyType = 1;
			remoteGlobalIDString = 4AD082071E0B875800400079;
			remoteInfo = MSNet;
		};
		4AD082251E0B878600400079 /* PBXContainerItemProxy */ = {
			isa = PBXContainerItemProxy;
			containerPortal = 4AD0807D1E0B5FC000400079 /* Project object */;
			proxyType = 1;
			remoteGlobalIDString = 4AD082071E0B875800400079;
			remoteInfo = MSNet;
		};
/* End PBXContainerItemProxy section */

/* Begin PBXFileReference section */
		4AD080851E0B5FC000400079 /* MSNetwork.app */ = {isa = PBXFileReference; explicitFileType = wrapper.application; includeInIndex = 0; path = MSNetwork.app; sourceTree = BUILT_PRODUCTS_DIR; };
		4AD080881E0B5FC000400079 /* AppDelegate.h */ = {isa = PBXFileReference; lastKnownFileType = sourcecode.c.h; path = AppDelegate.h; sourceTree = "<group>"; };
		4AD080891E0B5FC000400079 /* AppDelegate.m */ = {isa = PBXFileReference; lastKnownFileType = sourcecode.c.objc; path = AppDelegate.m; sourceTree = "<group>"; };
		4AD0808C1E0B5FC000400079 /* main.m */ = {isa = PBXFileReference; lastKnownFileType = sourcecode.c.objc; path = main.m; sourceTree = "<group>"; };
		4AD0808E1E0B5FC000400079 /* Assets.xcassets */ = {isa = PBXFileReference; lastKnownFileType = folder.assetcatalog; path = Assets.xcassets; sourceTree = "<group>"; };
		4AD080911E0B5FC000400079 /* Base */ = {isa = PBXFileReference; lastKnownFileType = file.xib; name = Base; path = Base.lproj/MainMenu.xib; sourceTree = "<group>"; };
		4AD080931E0B5FC000400079 /* Info.plist */ = {isa = PBXFileReference; lastKnownFileType = text.plist.xml; path = Info.plist; sourceTree = "<group>"; };
		4AD080981E0B5FC000400079 /* MSNetworkTests.xctest */ = {isa = PBXFileReference; explicitFileType = wrapper.cfbundle; includeInIndex = 0; path = MSNetworkTests.xctest; sourceTree = BUILT_PRODUCTS_DIR; };
		4AD0809C1E0B5FC000400079 /* MSNetworkTests.m */ = {isa = PBXFileReference; lastKnownFileType = sourcecode.c.objc; path = MSNetworkTests.m; sourceTree = "<group>"; };
		4AD0809E1E0B5FC000400079 /* Info.plist */ = {isa = PBXFileReference; lastKnownFileType = text.plist.xml; path = Info.plist; sourceTree = "<group>"; };
		4AD080A31E0B5FC000400079 /* MSNetworkUITests.xctest */ = {isa = PBXFileReference; explicitFileType = wrapper.cfbundle; includeInIndex = 0; path = MSNetworkUITests.xctest; sourceTree = BUILT_PRODUCTS_DIR; };
		4AD080A71E0B5FC000400079 /* MSNetworkUITests.m */ = {isa = PBXFileReference; lastKnownFileType = sourcecode.c.objc; path = MSNetworkUITests.m; sourceTree = "<group>"; };
		4AD080A91E0B5FC000400079 /* Info.plist */ = {isa = PBXFileReference; lastKnownFileType = text.plist.xml; path = Info.plist; sourceTree = "<group>"; };
		4AD080B61E0B60E200400079 /* MSNetworkTest.h */ = {isa = PBXFileReference; fileEncoding = 4; lastKnownFileType = sourcecode.c.h; path = MSNetworkTest.h; sourceTree = "<group>"; };
		4AD080B71E0B60E200400079 /* MSNetworkTest.m */ = {isa = PBXFileReference; fileEncoding = 4; lastKnownFileType = sourcecode.c.objc; path = MSNetworkTest.m; sourceTree = "<group>"; };
		4AD082081E0B875800400079 /* MSNet.framework */ = {isa = PBXFileReference; explicitFileType = wrapper.framework; includeInIndex = 0; path = MSNet.framework; sourceTree = BUILT_PRODUCTS_DIR; };
		4AD0820A1E0B875800400079 /* MSNet.h */ = {isa = PBXFileReference; lastKnownFileType = sourcecode.c.h; path = MSNet.h; sourceTree = "<group>"; };
		4AD0820B1E0B875800400079 /* Info.plist */ = {isa = PBXFileReference; lastKnownFileType = text.plist.xml; path = Info.plist; sourceTree = "<group>"; };
		4AD082101E0B875800400079 /* MSNetTests.xctest */ = {isa = PBXFileReference; explicitFileType = wrapper.cfbundle; includeInIndex = 0; path = MSNetTests.xctest; sourceTree = BUILT_PRODUCTS_DIR; };
		4AD082151E0B875800400079 /* MSNetTests.m */ = {isa = PBXFileReference; lastKnownFileType = sourcecode.c.objc; path = MSNetTests.m; sourceTree = "<group>"; };
		4AD082171E0B875800400079 /* Info.plist */ = {isa = PBXFileReference; lastKnownFileType = text.plist.xml; path = Info.plist; sourceTree = "<group>"; };
/* End PBXFileReference section */

/* Begin PBXFrameworksBuildPhase section */
		4AD080821E0B5FC000400079 /* Frameworks */ = {
			isa = PBXFrameworksBuildPhase;
			buildActionMask = 2147483647;
			files = (
			);
			runOnlyForDeploymentPostprocessing = 0;
		};
		4AD080951E0B5FC000400079 /* Frameworks */ = {
			isa = PBXFrameworksBuildPhase;
			buildActionMask = 2147483647;
			files = (
			);
			runOnlyForDeploymentPostprocessing = 0;
		};
		4AD080A01E0B5FC000400079 /* Frameworks */ = {
			isa = PBXFrameworksBuildPhase;
			buildActionMask = 2147483647;
			files = (
			);
			runOnlyForDeploymentPostprocessing = 0;
		};
		4AD082041E0B875800400079 /* Frameworks */ = {
			isa = PBXFrameworksBuildPhase;
			buildActionMask = 2147483647;
			files = (
			);
			runOnlyForDeploymentPostprocessing = 0;
		};
		4AD0820D1E0B875800400079 /* Frameworks */ = {
			isa = PBXFrameworksBuildPhase;
			buildActionMask = 2147483647;
			files = (
				4AD082111E0B875800400079 /* MSNet.framework in Frameworks */,
			);
			runOnlyForDeploymentPostprocessing = 0;
		};
/* End PBXFrameworksBuildPhase section */

/* Begin PBXGroup section */
		4AD0807C1E0B5FC000400079 = {
			isa = PBXGroup;
			children = (
				4AD080871E0B5FC000400079 /* MSNetwork */,
				4AD0809B1E0B5FC000400079 /* MSNetworkTests */,
				4AD080A61E0B5FC000400079 /* MSNetworkUITests */,
				4AD082091E0B875800400079 /* MSNet */,
				4AD082141E0B875800400079 /* MSNetTests */,
				4AD080861E0B5FC000400079 /* Products */,
			);
			sourceTree = "<group>";
		};
		4AD080861E0B5FC000400079 /* Products */ = {
			isa = PBXGroup;
			children = (
				4AD080851E0B5FC000400079 /* MSNetwork.app */,
				4AD080981E0B5FC000400079 /* MSNetworkTests.xctest */,
				4AD080A31E0B5FC000400079 /* MSNetworkUITests.xctest */,
				4AD082081E0B875800400079 /* MSNet.framework */,
				4AD082101E0B875800400079 /* MSNetTests.xctest */,
			);
			name = Products;
			sourceTree = "<group>";
		};
		4AD080871E0B5FC000400079 /* MSNetwork */ = {
			isa = PBXGroup;
			children = (
				4AD080881E0B5FC000400079 /* AppDelegate.h */,
				4AD080891E0B5FC000400079 /* AppDelegate.m */,
				4AD080B51E0B60C400400079 /* Classes */,
				4AD0808E1E0B5FC000400079 /* Assets.xcassets */,
				4AD080901E0B5FC000400079 /* MainMenu.xib */,
				4AD080931E0B5FC000400079 /* Info.plist */,
				4AD0808B1E0B5FC000400079 /* Supporting Files */,
			);
			path = MSNetwork;
			sourceTree = "<group>";
		};
		4AD0808B1E0B5FC000400079 /* Supporting Files */ = {
			isa = PBXGroup;
			children = (
				4AD0808C1E0B5FC000400079 /* main.m */,
			);
			name = "Supporting Files";
			sourceTree = "<group>";
		};
		4AD0809B1E0B5FC000400079 /* MSNetworkTests */ = {
			isa = PBXGroup;
			children = (
				4AD0809C1E0B5FC000400079 /* MSNetworkTests.m */,
				4AD0809E1E0B5FC000400079 /* Info.plist */,
			);
			path = MSNetworkTests;
			sourceTree = "<group>";
		};
		4AD080A61E0B5FC000400079 /* MSNetworkUITests */ = {
			isa = PBXGroup;
			children = (
				4AD080A71E0B5FC000400079 /* MSNetworkUITests.m */,
				4AD080A91E0B5FC000400079 /* Info.plist */,
			);
			path = MSNetworkUITests;
			sourceTree = "<group>";
		};
		4AD080B51E0B60C400400079 /* Classes */ = {
			isa = PBXGroup;
			children = (
				4AD080B61E0B60E200400079 /* MSNetworkTest.h */,
				4AD080B71E0B60E200400079 /* MSNetworkTest.m */,
			);
			path = Classes;
			sourceTree = "<group>";
		};
		4AD082091E0B875800400079 /* MSNet */ = {
			isa = PBXGroup;
			children = (
				4AD0820A1E0B875800400079 /* MSNet.h */,
				4AD0820B1E0B875800400079 /* Info.plist */,
			);
			path = MSNet;
			sourceTree = "<group>";
		};
		4AD082141E0B875800400079 /* MSNetTests */ = {
			isa = PBXGroup;
			children = (
				4AD082151E0B875800400079 /* MSNetTests.m */,
				4AD082171E0B875800400079 /* Info.plist */,
			);
			path = MSNetTests;
			sourceTree = "<group>";
		};
/* End PBXGroup section */

/* Begin PBXHeadersBuildPhase section */
		4AD082051E0B875800400079 /* Headers */ = {
			isa = PBXHeadersBuildPhase;
			buildActionMask = 2147483647;
			files = (
				4AD082231E0B877A00400079 /* MSNetworkTest.h in Headers */,
			);
			runOnlyForDeploymentPostprocessing = 0;
		};
/* End PBXHeadersBuildPhase section */

/* Begin PBXNativeTarget section */
		4AD080841E0B5FC000400079 /* MSNetwork */ = {
			isa = PBXNativeTarget;
			buildConfigurationList = 4AD080AC1E0B5FC000400079 /* Build configuration list for PBXNativeTarget "MSNetwork" */;
			buildPhases = (
				4AD080811E0B5FC000400079 /* Sources */,
				4AD080821E0B5FC000400079 /* Frameworks */,
				4AD080831E0B5FC000400079 /* Resources */,
			);
			buildRules = (
			);
			dependencies = (
			);
			name = MSNetwork;
			productName = MSNetwork;
			productReference = 4AD080851E0B5FC000400079 /* MSNetwork.app */;
			productType = "com.apple.product-type.application";
		};
		4AD080971E0B5FC000400079 /* MSNetworkTests */ = {
			isa = PBXNativeTarget;
			buildConfigurationList = 4AD080AF1E0B5FC000400079 /* Build configuration list for PBXNativeTarget "MSNetworkTests" */;
			buildPhases = (
				4AD080941E0B5FC000400079 /* Sources */,
				4AD080951E0B5FC000400079 /* Frameworks */,
				4AD080961E0B5FC000400079 /* Resources */,
			);
			buildRules = (
			);
			dependencies = (
				4AD0809A1E0B5FC000400079 /* PBXTargetDependency */,
			);
			name = MSNetworkTests;
			productName = MSNetworkTests;
			productReference = 4AD080981E0B5FC000400079 /* MSNetworkTests.xctest */;
			productType = "com.apple.product-type.bundle.unit-test";
		};
		4AD080A21E0B5FC000400079 /* MSNetworkUITests */ = {
			isa = PBXNativeTarget;
			buildConfigurationList = 4AD080B21E0B5FC000400079 /* Build configuration list for PBXNativeTarget "MSNetworkUITests" */;
			buildPhases = (
				4AD0809F1E0B5FC000400079 /* Sources */,
				4AD080A01E0B5FC000400079 /* Frameworks */,
				4AD080A11E0B5FC000400079 /* Resources */,
			);
			buildRules = (
			);
			dependencies = (
				4AD080A51E0B5FC000400079 /* PBXTargetDependency */,
			);
			name = MSNetworkUITests;
			productName = MSNetworkUITests;
			productReference = 4AD080A31E0B5FC000400079 /* MSNetworkUITests.xctest */;
			productType = "com.apple.product-type.bundle.ui-testing";
		};
		4AD082071E0B875800400079 /* MSNet */ = {
			isa = PBXNativeTarget;
			buildConfigurationList = 4AD0821D1E0B875800400079 /* Build configuration list for PBXNativeTarget "MSNet" */;
			buildPhases = (
				4AD082031E0B875800400079 /* Sources */,
				4AD082041E0B875800400079 /* Frameworks */,
				4AD082051E0B875800400079 /* Headers */,
				4AD082061E0B875800400079 /* Resources */,
			);
			buildRules = (
			);
			dependencies = (
			);
			name = MSNet;
			productName = MSNet;
			productReference = 4AD082081E0B875800400079 /* MSNet.framework */;
			productType = "com.apple.product-type.framework";
		};
		4AD0820F1E0B875800400079 /* MSNetTests */ = {
			isa = PBXNativeTarget;
			buildConfigurationList = 4AD0821E1E0B875800400079 /* Build configuration list for PBXNativeTarget "MSNetTests" */;
			buildPhases = (
				4AD0820C1E0B875800400079 /* Sources */,
				4AD0820D1E0B875800400079 /* Frameworks */,
				4AD0820E1E0B875800400079 /* Resources */,
			);
			buildRules = (
			);
			dependencies = (
				4AD082131E0B875800400079 /* PBXTargetDependency */,
			);
			name = MSNetTests;
			productName = MSNetTests;
			productReference = 4AD082101E0B875800400079 /* MSNetTests.xctest */;
			productType = "com.apple.product-type.bundle.unit-test";
		};
/* End PBXNativeTarget section */

/* Begin PBXProject section */
		4AD0807D1E0B5FC000400079 /* Project object */ = {
			isa = PBXProject;
			attributes = {
				LastUpgradeCheck = 0820;
				ORGANIZATIONNAME = Mosai;
				TargetAttributes = {
					4AD080841E0B5FC000400079 = {
						CreatedOnToolsVersion = 8.2;
						DevelopmentTeam = PZB629Z2FZ;
						ProvisioningStyle = Automatic;
					};
					4AD080971E0B5FC000400079 = {
						CreatedOnToolsVersion = 8.2;
						DevelopmentTeam = PZB629Z2FZ;
						ProvisioningStyle = Automatic;
						TestTargetID = 4AD080841E0B5FC000400079;
					};
					4AD080A21E0B5FC000400079 = {
						CreatedOnToolsVersion = 8.2;
						DevelopmentTeam = PZB629Z2FZ;
						ProvisioningStyle = Automatic;
						TestTargetID = 4AD080841E0B5FC000400079;
					};
					4AD082071E0B875800400079 = {
						CreatedOnToolsVersion = 8.2;
						DevelopmentTeam = PZB629Z2FZ;
						ProvisioningStyle = Automatic;
					};
					4AD0820F1E0B875800400079 = {
						CreatedOnToolsVersion = 8.2;
						DevelopmentTeam = PZB629Z2FZ;
						ProvisioningStyle = Automatic;
					};
					4AD0821F1E0B877100400079 = {
						CreatedOnToolsVersion = 8.2;
						DevelopmentTeam = PZB629Z2FZ;
						ProvisioningStyle = Automatic;
					};
				};
			};
			buildConfigurationList = 4AD080801E0B5FC000400079 /* Build configuration list for PBXProject "MSNetwork" */;
			compatibilityVersion = "Xcode 3.2";
			developmentRegion = English;
			hasScannedForEncodings = 0;
			knownRegions = (
				en,
				Base,
			);
			mainGroup = 4AD0807C1E0B5FC000400079;
			productRefGroup = 4AD080861E0B5FC000400079 /* Products */;
			projectDirPath = "";
			projectRoot = "";
			targets = (
				4AD080841E0B5FC000400079 /* MSNetwork */,
				4AD080971E0B5FC000400079 /* MSNetworkTests */,
				4AD080A21E0B5FC000400079 /* MSNetworkUITests */,
				4AD082071E0B875800400079 /* MSNet */,
				4AD0820F1E0B875800400079 /* MSNetTests */,
				4AD0821F1E0B877100400079 /* MSNetAgg */,
			);
		};
/* End PBXProject section */

/* Begin PBXResourcesBuildPhase section */
		4AD080831E0B5FC000400079 /* Resources */ = {
			isa = PBXResourcesBuildPhase;
			buildActionMask = 2147483647;
			files = (
				4AD0808F1E0B5FC000400079 /* Assets.xcassets in Resources */,
				4AD080921E0B5FC000400079 /* MainMenu.xib in Resources */,
			);
			runOnlyForDeploymentPostprocessing = 0;
		};
		4AD080961E0B5FC000400079 /* Resources */ = {
			isa = PBXResourcesBuildPhase;
			buildActionMask = 2147483647;
			files = (
			);
			runOnlyForDeploymentPostprocessing = 0;
		};
		4AD080A11E0B5FC000400079 /* Resources */ = {
			isa = PBXResourcesBuildPhase;
			buildActionMask = 2147483647;
			files = (
			);
			runOnlyForDeploymentPostprocessing = 0;
		};
		4AD082061E0B875800400079 /* Resources */ = {
			isa = PBXResourcesBuildPhase;
			buildActionMask = 2147483647;
			files = (
			);
			runOnlyForDeploymentPostprocessing = 0;
		};
		4AD0820E1E0B875800400079 /* Resources */ = {
			isa = PBXResourcesBuildPhase;
			buildActionMask = 2147483647;
			files = (
			);
			runOnlyForDeploymentPostprocessing = 0;
		};
/* End PBXResourcesBuildPhase section */

/* Begin PBXShellScriptBuildPhase section */
		4AD082271E0B878800400079 /* ShellScript */ = {
			isa = PBXShellScriptBuildPhase;
			buildActionMask = 2147483647;
			files = (
			);
			inputPaths = (
			);
			outputPaths = (
			);
			runOnlyForDeploymentPostprocessing = 0;
			shellPath = /bin/sh;
			shellScript = "# Sets the target folders and the final framework product.\n\n# 如果工程名称和Framework的Target名称不一样的话，要自定义FMKNAME\n\n# 例如: FMK_NAME = \"MyFramework\"\n\nFMK_NAME=\"MSNet\"\n\n# Install dir will be the final output to the framework.\n\n# The following line create it in the root folder of the current project.\n\nINSTALL_DIR=${SRCROOT}/Products/${FMK_NAME}.framework\n\n# Working dir will be deleted after the framework creation.\n\nWRK_DIR=build\n\nDEVICE_DIR=${WRK_DIR}/Release-iphoneos/${FMK_NAME}.framework\n\nSIMULATOR_DIR=${WRK_DIR}/Release-iphonesimulator/${FMK_NAME}.framework\n\n# -configuration ${CONFIGURATION}\n\n# Clean and Building both architectures.\n\nxcodebuild -configuration \"Release\" -target \"${FMK_NAME}\" -sdk iphoneos clean build\n\nxcodebuild -configuration \"Release\" -target \"${FMK_NAME}\" -sdk iphonesimulator clean build\n\n# Cleaning the oldest.\n\nif [ -d \"${INSTALL_DIR}\" ]\n\nthen\n\nrm -rf \"${INSTALL_DIR}\"\n\nfi\n\nmkdir -p \"${INSTALL_DIR}\"\n\ncp -R \"${DEVICE_DIR}/\" \"${INSTALL_DIR}/\"\n\n# Uses the Lipo Tool to merge both binary files (i386 + armv6/armv7) into one Universal final product.\n\nlipo -create \"${DEVICE_DIR}/${FMK_NAME}\" \"${SIMULATOR_DIR}/${FMK_NAME}\" -output \"${INSTALL_DIR}/${FMK_NAME}\"\n\nrm -r \"${WRK_DIR}\"\n";
		};
/* End PBXShellScriptBuildPhase section */

/* Begin PBXSourcesBuildPhase section */
		4AD080811E0B5FC000400079 /* Sources */ = {
			isa = PBXSourcesBuildPhase;
			buildActionMask = 2147483647;
			files = (
				4AD0808D1E0B5FC000400079 /* main.m in Sources */,
				4AD080B81E0B60E200400079 /* MSNetworkTest.m in Sources */,
				4AD0808A1E0B5FC000400079 /* AppDelegate.m in Sources */,
			);
			runOnlyForDeploymentPostprocessing = 0;
		};
		4AD080941E0B5FC000400079 /* Sources */ = {
			isa = PBXSourcesBuildPhase;
			buildActionMask = 2147483647;
			files = (
				4AD0809D1E0B5FC000400079 /* MSNetworkTests.m in Sources */,
			);
			runOnlyForDeploymentPostprocessing = 0;
		};
		4AD0809F1E0B5FC000400079 /* Sources */ = {
			isa = PBXSourcesBuildPhase;
			buildActionMask = 2147483647;
			files = (
				4AD080A81E0B5FC000400079 /* MSNetworkUITests.m in Sources */,
			);
			runOnlyForDeploymentPostprocessing = 0;
		};
		4AD082031E0B875800400079 /* Sources */ = {
			isa = PBXSourcesBuildPhase;
			buildActionMask = 2147483647;
			files = (
				4AD082241E0B877A00400079 /* MSNetworkTest.m in Sources */,
			);
			runOnlyForDeploymentPostprocessing = 0;
		};
		4AD0820C1E0B875800400079 /* Sources */ = {
			isa = PBXSourcesBuildPhase;
			buildActionMask = 2147483647;
			files = (
				4AD082161E0B875800400079 /* MSNetTests.m in Sources */,
			);
			runOnlyForDeploymentPostprocessing = 0;
		};
/* End PBXSourcesBuildPhase section */

/* Begin PBXTargetDependency section */
		4AD0809A1E0B5FC000400079 /* PBXTargetDependency */ = {
			isa = PBXTargetDependency;
			target = 4AD080841E0B5FC000400079 /* MSNetwork */;
			targetProxy = 4AD080991E0B5FC000400079 /* PBXContainerItemProxy */;
		};
		4AD080A51E0B5FC000400079 /* PBXTargetDependency */ = {
			isa = PBXTargetDependency;
			target = 4AD080841E0B5FC000400079 /* MSNetwork */;
			targetProxy = 4AD080A41E0B5FC000400079 /* PBXContainerItemProxy */;
		};
		4AD082131E0B875800400079 /* PBXTargetDependency */ = {
			isa = PBXTargetDependency;
			target = 4AD082071E0B875800400079 /* MSNet */;
			targetProxy = 4AD082121E0B875800400079 /* PBXContainerItemProxy */;
		};
		4AD082261E0B878600400079 /* PBXTargetDependency */ = {
			isa = PBXTargetDependency;
			target = 4AD082071E0B875800400079 /* MSNet */;
			targetProxy = 4AD082251E0B878600400079 /* PBXContainerItemProxy */;
		};
/* End PBXTargetDependency section */

/* Begin PBXVariantGroup section */
		4AD080901E0B5FC000400079 /* MainMenu.xib */ = {
			isa = PBXVariantGroup;
			children = (
				4AD080911E0B5FC000400079 /* Base */,
			);
			name = MainMenu.xib;
			sourceTree = "<group>";
		};
/* End PBXVariantGroup section */

/* Begin XCBuildConfiguration section */
		4AD080AA1E0B5FC000400079 /* Debug */ = {
			isa = XCBuildConfiguration;
			buildSettings = {
				ALWAYS_SEARCH_USER_PATHS = NO;
				CLANG_ANALYZER_NONNULL = YES;
				CLANG_CXX_LANGUAGE_STANDARD = "gnu++0x";
				CLANG_CXX_LIBRARY = "libc++";
				CLANG_ENABLE_MODULES = YES;
				CLANG_ENABLE_OBJC_ARC = YES;
				CLANG_WARN_BOOL_CONVERSION = YES;
				CLANG_WARN_CONSTANT_CONVERSION = YES;
				CLANG_WARN_DIRECT_OBJC_ISA_USAGE = YES_ERROR;
				CLANG_WARN_DOCUMENTATION_COMMENTS = YES;
				CLANG_WARN_EMPTY_BODY = YES;
				CLANG_WARN_ENUM_CONVERSION = YES;
				CLANG_WARN_INFINITE_RECURSION = YES;
				CLANG_WARN_INT_CONVERSION = YES;
				CLANG_WARN_OBJC_ROOT_CLASS = YES_ERROR;
				CLANG_WARN_SUSPICIOUS_MOVE = YES;
				CLANG_WARN_UNREACHABLE_CODE = YES;
				CLANG_WARN__DUPLICATE_METHOD_MATCH = YES;
				CODE_SIGN_IDENTITY = "-";
				COPY_PHASE_STRIP = NO;
				DEBUG_INFORMATION_FORMAT = dwarf;
				ENABLE_STRICT_OBJC_MSGSEND = YES;
				ENABLE_TESTABILITY = YES;
				GCC_C_LANGUAGE_STANDARD = gnu99;
				GCC_DYNAMIC_NO_PIC = NO;
				GCC_NO_COMMON_BLOCKS = YES;
				GCC_OPTIMIZATION_LEVEL = 0;
				GCC_PREPROCESSOR_DEFINITIONS = (
					"DEBUG=1",
					"$(inherited)",
				);
				GCC_WARN_64_TO_32_BIT_CONVERSION = YES;
				GCC_WARN_ABOUT_RETURN_TYPE = YES_ERROR;
				GCC_WARN_UNDECLARED_SELECTOR = YES;
				GCC_WARN_UNINITIALIZED_AUTOS = YES_AGGRESSIVE;
				GCC_WARN_UNUSED_FUNCTION = YES;
				GCC_WARN_UNUSED_VARIABLE = YES;
				MACOSX_DEPLOYMENT_TARGET = 10.12;
				MTL_ENABLE_DEBUG_INFO = YES;
				ONLY_ACTIVE_ARCH = YES;
				SDKROOT = macosx;
			};
			name = Debug;
		};
		4AD080AB1E0B5FC000400079 /* Release */ = {
			isa = XCBuildConfiguration;
			buildSettings = {
				ALWAYS_SEARCH_USER_PATHS = NO;
				CLANG_ANALYZER_NONNULL = YES;
				CLANG_CXX_LANGUAGE_STANDARD = "gnu++0x";
				CLANG_CXX_LIBRARY = "libc++";
				CLANG_ENABLE_MODULES = YES;
				CLANG_ENABLE_OBJC_ARC = YES;
				CLANG_WARN_BOOL_CONVERSION = YES;
				CLANG_WARN_CONSTANT_CONVERSION = YES;
				CLANG_WARN_DIRECT_OBJC_ISA_USAGE = YES_ERROR;
				CLANG_WARN_DOCUMENTATION_COMMENTS = YES;
				CLANG_WARN_EMPTY_BODY = YES;
				CLANG_WARN_ENUM_CONVERSION = YES;
				CLANG_WARN_INFINITE_RECURSION = YES;
				CLANG_WARN_INT_CONVERSION = YES;
				CLANG_WARN_OBJC_ROOT_CLASS = YES_ERROR;
				CLANG_WARN_SUSPICIOUS_MOVE = YES;
				CLANG_WARN_UNREACHABLE_CODE = YES;
				CLANG_WARN__DUPLICATE_METHOD_MATCH = YES;
				CODE_SIGN_IDENTITY = "-";
				COPY_PHASE_STRIP = NO;
				DEBUG_INFORMATION_FORMAT = "dwarf-with-dsym";
				ENABLE_NS_ASSERTIONS = NO;
				ENABLE_STRICT_OBJC_MSGSEND = YES;
				GCC_C_LANGUAGE_STANDARD = gnu99;
				GCC_NO_COMMON_BLOCKS = YES;
				GCC_WARN_64_TO_32_BIT_CONVERSION = YES;
				GCC_WARN_ABOUT_RETURN_TYPE = YES_ERROR;
				GCC_WARN_UNDECLARED_SELECTOR = YES;
				GCC_WARN_UNINITIALIZED_AUTOS = YES_AGGRESSIVE;
				GCC_WARN_UNUSED_FUNCTION = YES;
				GCC_WARN_UNUSED_VARIABLE = YES;
				MACOSX_DEPLOYMENT_TARGET = 10.12;
				MTL_ENABLE_DEBUG_INFO = NO;
				SDKROOT = macosx;
			};
			name = Release;
		};
		4AD080AD1E0B5FC000400079 /* Debug */ = {
			isa = XCBuildConfiguration;
			buildSettings = {
				ASSETCATALOG_COMPILER_APPICON_NAME = AppIcon;
				COMBINE_HIDPI_IMAGES = YES;
				DEVELOPMENT_TEAM = PZB629Z2FZ;
				INFOPLIST_FILE = MSNetwork/Info.plist;
				LD_RUNPATH_SEARCH_PATHS = "$(inherited) @executable_path/../Frameworks";
				PRODUCT_BUNDLE_IDENTIFIER = leikai.MSNetwork;
				PRODUCT_NAME = "$(TARGET_NAME)";
			};
			name = Debug;
		};
		4AD080AE1E0B5FC000400079 /* Release */ = {
			isa = XCBuildConfiguration;
			buildSettings = {
				ASSETCATALOG_COMPILER_APPICON_NAME = AppIcon;
				COMBINE_HIDPI_IMAGES = YES;
				DEVELOPMENT_TEAM = PZB629Z2FZ;
				INFOPLIST_FILE = MSNetwork/Info.plist;
				LD_RUNPATH_SEARCH_PATHS = "$(inherited) @executable_path/../Frameworks";
				PRODUCT_BUNDLE_IDENTIFIER = leikai.MSNetwork;
				PRODUCT_NAME = "$(TARGET_NAME)";
			};
			name = Release;
		};
		4AD080B01E0B5FC000400079 /* Debug */ = {
			isa = XCBuildConfiguration;
			buildSettings = {
				BUNDLE_LOADER = "$(TEST_HOST)";
				COMBINE_HIDPI_IMAGES = YES;
				DEVELOPMENT_TEAM = PZB629Z2FZ;
				INFOPLIST_FILE = MSNetworkTests/Info.plist;
				LD_RUNPATH_SEARCH_PATHS = "$(inherited) @executable_path/../Frameworks @loader_path/../Frameworks";
				PRODUCT_BUNDLE_IDENTIFIER = leikai.MSNetworkTests;
				PRODUCT_NAME = "$(TARGET_NAME)";
				TEST_HOST = "$(BUILT_PRODUCTS_DIR)/MSNetwork.app/Contents/MacOS/MSNetwork";
			};
			name = Debug;
		};
		4AD080B11E0B5FC000400079 /* Release */ = {
			isa = XCBuildConfiguration;
			buildSettings = {
				BUNDLE_LOADER = "$(TEST_HOST)";
				COMBINE_HIDPI_IMAGES = YES;
				DEVELOPMENT_TEAM = PZB629Z2FZ;
				INFOPLIST_FILE = MSNetworkTests/Info.plist;
				LD_RUNPATH_SEARCH_PATHS = "$(inherited) @executable_path/../Frameworks @loader_path/../Frameworks";
				PRODUCT_BUNDLE_IDENTIFIER = leikai.MSNetworkTests;
				PRODUCT_NAME = "$(TARGET_NAME)";
				TEST_HOST = "$(BUILT_PRODUCTS_DIR)/MSNetwork.app/Contents/MacOS/MSNetwork";
			};
			name = Release;
		};
		4AD080B31E0B5FC000400079 /* Debug */ = {
			isa = XCBuildConfiguration;
			buildSettings = {
				COMBINE_HIDPI_IMAGES = YES;
				DEVELOPMENT_TEAM = PZB629Z2FZ;
				INFOPLIST_FILE = MSNetworkUITests/Info.plist;
				LD_RUNPATH_SEARCH_PATHS = "$(inherited) @executable_path/../Frameworks @loader_path/../Frameworks";
				PRODUCT_BUNDLE_IDENTIFIER = leikai.MSNetworkUITests;
				PRODUCT_NAME = "$(TARGET_NAME)";
				TEST_TARGET_NAME = MSNetwork;
			};
			name = Debug;
		};
		4AD080B41E0B5FC000400079 /* Release */ = {
			isa = XCBuildConfiguration;
			buildSettings = {
				COMBINE_HIDPI_IMAGES = YES;
				DEVELOPMENT_TEAM = PZB629Z2FZ;
				INFOPLIST_FILE = MSNetworkUITests/Info.plist;
				LD_RUNPATH_SEARCH_PATHS = "$(inherited) @executable_path/../Frameworks @loader_path/../Frameworks";
				PRODUCT_BUNDLE_IDENTIFIER = leikai.MSNetworkUITests;
				PRODUCT_NAME = "$(TARGET_NAME)";
				TEST_TARGET_NAME = MSNetwork;
			};
			name = Release;
		};
		4AD082191E0B875800400079 /* Debug */ = {
			isa = XCBuildConfiguration;
			buildSettings = {
				CODE_SIGN_IDENTITY = "";
				"CODE_SIGN_IDENTITY[sdk=iphoneos*]" = "iPhone Developer";
				CURRENT_PROJECT_VERSION = 1;
				DEFINES_MODULE = YES;
				DEVELOPMENT_TEAM = PZB629Z2FZ;
				DYLIB_COMPATIBILITY_VERSION = 1;
				DYLIB_CURRENT_VERSION = 1;
				DYLIB_INSTALL_NAME_BASE = "@rpath";
				INFOPLIST_FILE = MSNet/Info.plist;
				INSTALL_PATH = "$(LOCAL_LIBRARY_DIR)/Frameworks";
				IPHONEOS_DEPLOYMENT_TARGET = 10.2;
				LD_RUNPATH_SEARCH_PATHS = "$(inherited) @executable_path/Frameworks @loader_path/Frameworks";
				PRODUCT_BUNDLE_IDENTIFIER = leikai.MSNet;
				PRODUCT_NAME = "$(TARGET_NAME)";
				SDKROOT = iphoneos;
				SKIP_INSTALL = YES;
				TARGETED_DEVICE_FAMILY = "1,2";
				VERSIONING_SYSTEM = "apple-generic";
				VERSION_INFO_PREFIX = "";
			};
			name = Debug;
		};
		4AD0821A1E0B875800400079 /* Release */ = {
			isa = XCBuildConfiguration;
			buildSettings = {
				CODE_SIGN_IDENTITY = "";
				"CODE_SIGN_IDENTITY[sdk=iphoneos*]" = "iPhone Developer";
				CURRENT_PROJECT_VERSION = 1;
				DEFINES_MODULE = YES;
				DEVELOPMENT_TEAM = PZB629Z2FZ;
				DYLIB_COMPATIBILITY_VERSION = 1;
				DYLIB_CURRENT_VERSION = 1;
				DYLIB_INSTALL_NAME_BASE = "@rpath";
				INFOPLIST_FILE = MSNet/Info.plist;
				INSTALL_PATH = "$(LOCAL_LIBRARY_DIR)/Frameworks";
				IPHONEOS_DEPLOYMENT_TARGET = 10.2;
				LD_RUNPATH_SEARCH_PATHS = "$(inherited) @executable_path/Frameworks @loader_path/Frameworks";
				PRODUCT_BUNDLE_IDENTIFIER = leikai.MSNet;
				PRODUCT_NAME = "$(TARGET_NAME)";
				SDKROOT = iphoneos;
				SKIP_INSTALL = YES;
				TARGETED_DEVICE_FAMILY = "1,2";
				VALIDATE_PRODUCT = YES;
				VERSIONING_SYSTEM = "apple-generic";
				VERSION_INFO_PREFIX = "";
			};
			name = Release;
		};
		4AD0821B1E0B875800400079 /* Debug */ = {
			isa = XCBuildConfiguration;
			buildSettings = {
				"CODE_SIGN_IDENTITY[sdk=iphoneos*]" = "iPhone Developer";
				DEVELOPMENT_TEAM = PZB629Z2FZ;
				INFOPLIST_FILE = MSNetTests/Info.plist;
				IPHONEOS_DEPLOYMENT_TARGET = 10.2;
				LD_RUNPATH_SEARCH_PATHS = "$(inherited) @executable_path/Frameworks @loader_path/Frameworks";
				PRODUCT_BUNDLE_IDENTIFIER = leikai.MSNetTests;
				PRODUCT_NAME = "$(TARGET_NAME)";
				SDKROOT = iphoneos;
			};
			name = Debug;
		};
		4AD0821C1E0B875800400079 /* Release */ = {
			isa = XCBuildConfiguration;
			buildSettings = {
				"CODE_SIGN_IDENTITY[sdk=iphoneos*]" = "iPhone Developer";
				DEVELOPMENT_TEAM = PZB629Z2FZ;
				INFOPLIST_FILE = MSNetTests/Info.plist;
				IPHONEOS_DEPLOYMENT_TARGET = 10.2;
				LD_RUNPATH_SEARCH_PATHS = "$(inherited) @executable_path/Frameworks @loader_path/Frameworks";
				PRODUCT_BUNDLE_IDENTIFIER = leikai.MSNetTests;
				PRODUCT_NAME = "$(TARGET_NAME)";
				SDKROOT = iphoneos;
				VALIDATE_PRODUCT = YES;
			};
			name = Release;
		};
		4AD082211E0B877100400079 /* Debug */ = {
			isa = XCBuildConfiguration;
			buildSettings = {
				DEVELOPMENT_TEAM = PZB629Z2FZ;
				PRODUCT_NAME = "$(TARGET_NAME)";
			};
			name = Debug;
		};
		4AD082221E0B877100400079 /* Release */ = {
			isa = XCBuildConfiguration;
			buildSettings = {
				DEVELOPMENT_TEAM = PZB629Z2FZ;
				PRODUCT_NAME = "$(TARGET_NAME)";
			};
			name = Release;
		};
/* End XCBuildConfiguration section */

/* Begin XCConfigurationList section */
		4AD080801E0B5FC000400079 /* Build configuration list for PBXProject "MSNetwork" */ = {
			isa = XCConfigurationList;
			buildConfigurations = (
				4AD080AA1E0B5FC000400079 /* Debug */,
				4AD080AB1E0B5FC000400079 /* Release */,
			);
			defaultConfigurationIsVisible = 0;
			defaultConfigurationName = Release;
		};
		4AD080AC1E0B5FC000400079 /* Build configuration list for PBXNativeTarget "MSNetwork" */ = {
			isa = XCConfigurationList;
			buildConfigurations = (
				4AD080AD1E0B5FC000400079 /* Debug */,
				4AD080AE1E0B5FC000400079 /* Release */,
			);
			defaultConfigurationIsVisible = 0;
			defaultConfigurationName = Release;
		};
		4AD080AF1E0B5FC000400079 /* Build configuration list for PBXNativeTarget "MSNetworkTests" */ = {
			isa = XCConfigurationList;
			buildConfigurations = (
				4AD080B01E0B5FC000400079 /* Debug */,
				4AD080B11E0B5FC000400079 /* Release */,
			);
			defaultConfigurationIsVisible = 0;
			defaultConfigurationName = Release;
		};
		4AD080B21E0B5FC000400079 /* Build configuration list for PBXNativeTarget "MSNetworkUITests" */ = {
			isa = XCConfigurationList;
			buildConfigurations = (
				4AD080B31E0B5FC000400079 /* Debug */,
				4AD080B41E0B5FC000400079 /* Release */,
			);
			defaultConfigurationIsVisible = 0;
			defaultConfigurationName = Release;
		};
		4AD0821D1E0B875800400079 /* Build configuration list for PBXNativeTarget "MSNet" */ = {
			isa = XCConfigurationList;
			buildConfigurations = (
				4AD082191E0B875800400079 /* Debug */,
				4AD0821A1E0B875800400079 /* Release */,
			);
			defaultConfigurationIsVisible = 0;
		};
		4AD0821E1E0B875800400079 /* Build configuration list for PBXNativeTarget "MSNetTests" */ = {
			isa = XCConfigurationList;
			buildConfigurations = (
				4AD0821B1E0B875800400079 /* Debug */,
				4AD0821C1E0B875800400079 /* Release */,
			);
			defaultConfigurationIsVisible = 0;
		};
		4AD082201E0B877100400079 /* Build configuration list for PBXAggregateTarget "MSNetAgg" */ = {
			isa = XCConfigurationList;
			buildConfigurations = (
				4AD082211E0B877100400079 /* Debug */,
				4AD082221E0B877100400079 /* Release */,
			);
			defaultConfigurationIsVisible = 0;
		};
/* End XCConfigurationList section */
	};
	rootObject = 4AD0807D1E0B5FC000400079 /* Project object */;
}
